
Microsoft Visual Studio Solution File, Format Version 12.00
# Visual Studio Version 17
VisualStudioVersion = 17.4.33213.308
MinimumVisualStudioVersion = 10.0.40219.1
Project("{FAE04EC0-301F-11D3-BF4B-00C04F79EFBC}") = "RestApi", "RestApi\RestApi.csproj", "{F7C62902-340A-43D0-9F12-F760BF06BCDC}"
EndProject
Global
	GlobalSection(SolutionConfigurationPlatforms) = preSolution
		Debug|Any CPU = Debug|Any CPU
		Release|Any CPU = Release|Any CPU
	EndGlobalSection
	GlobalSection(ProjectConfigurationPlatforms) = postSolution
		{F7C62902-340A-43D0-9F12-F760BF06BCDC}.Debug|Any CPU.ActiveCfg = Debug|Any CPU
		{F7C62902-340A-43D0-9F12-F760BF06BCDC}.Debug|Any CPU.Build.0 = Debug|Any CPU
		{F7C62902-340A-43D0-9F12-F760BF06BCDC}.Release|Any CPU.ActiveCfg = Release|Any CPU
		{F7C62902-340A-43D0-9F12-F760BF06BCDC}.Release|Any CPU.Build.0 = Release|Any CPU
	EndGlobalSection
	GlobalSection(SolutionProperties) = preSolution
		HideSolutionNode = FALSE
	EndGlobalSection
	GlobalSection(ExtensibilityGlobals) = postSolution
		SolutionGuid = {A0AF0EB9-C7C8-4B6A-870E-0F849FA2CD66}
	EndGlobalSection
EndGlobal
